{
    "_readme": [
        "This file locks the dependencies of your project to a known state",
        "Read more about it at https://getcomposer.org/doc/01-basic-usage.md#composer-lock-the-lock-file",
        "This file is @generated automatically"
    ],
    "hash": "a627ab9eae1b5c60e61fd345301769be",
    "content-hash": "5eff7cc5424c00b200bd47112ea99eb3",
    "packages": [
        {
            "name": "ares333/php-curl",
            "version": "v4.2.0",
            "source": {
                "type": "git",
                "url": "https://github.com/ares333/php-curl.git",
                "reference": "85f1d51414d0e0150b5a4e900ca60880d2163acc"
            },
            "dist": {
                "type": "zip",
                "url": "https://api.github.com/repos/ares333/php-curl/zipball/85f1d51414d0e0150b5a4e900ca60880d2163acc",
                "reference": "85f1d51414d0e0150b5a4e900ca60880d2163acc",
                "shasum": ""
            },
            "require": {
                "ext-curl": "*",
                "php": ">=5.3.0"
            },
            "type": "library",
            "autoload": {
                "psr-4": {
                    "Ares333\\Curl\\": "src"
                }
            },
            "notification-url": "https://packagist.org/downloads/",
            "license": [
                "Apache-2.0"
            ],
            "authors": [
                {
                    "name": "Ares",
                    "homepage": "http://phpdr.net"
                }
            ],
            "description": "The best php curl library.",
            "keywords": [
                "PHP cURL",
                "aysnc http",
                "curl",
                "curlmulti"
            ],
            "time": "2018-01-02 09:03:06"
        },
        {
            "name": "topthink/think-orm",
            "version": "v1.2.4",
            "source": {
                "type": "git",
                "url": "https://github.com/top-think/think-orm.git",
                "reference": "e6e4633a87012d84a056e6f86776fbe2b472f73f"
            },
            "dist": {
                "type": "zip",
                "url": "https://api.github.com/repos/top-think/think-orm/zipball/e6e4633a87012d84a056e6f86776fbe2b472f73f",
                "reference": "e6e4633a87012d84a056e6f86776fbe2b472f73f",
                "shasum": ""
            },
            "require": {
                "php": ">=5.6.0"
            },
            "type": "library",
            "autoload": {
                "psr-4": {
                    "think\\": "src"
                },
                "files": [
                    "src/config.php"
                ]
            },
            "notification-url": "https://packagist.org/downloads/",
            "license": [
                "Apache-2.0"
            ],
            "authors": [
                {
                    "name": "liu21st",
                    "email": "liu21st@gmail.com"
                }
            ],
            "description": "think orm",
            "time": "2018-02-05 05:52:41"
        }
    ],
    "packages-dev": [],
    "aliases": [],
    "minimum-stability": "stable",
    "stability-flags": [],
    "prefer-stable": false,
    "prefer-lowest": false,
    "platform": [],
    "platform-dev": []
}
